
Microsoft Visual Studio Solution File, Format Version 12.00
# Visual Studio Version 17
VisualStudioVersion = 17.8.34316.72
MinimumVisualStudioVersion = 10.0.40219.1
Project("{F184B08F-C81C-45F6-A57F-5ABD9991F28F}") = "hamsdv", "hamsdv\hamsdv.vbproj", "{35DBE40B-455F-4466-A4C7-ACE9F425CFCF}"
EndProject
Global
	GlobalSection(SolutionConfigurationPlatforms) = preSolution
		Debug|Any CPU = Debug|Any CPU
		Release|Any CPU = Release|Any CPU
	EndGlobalSection
	GlobalSection(ProjectConfigurationPlatforms) = postSolution
		{35DBE40B-455F-4466-A4C7-ACE9F425CFCF}.Debug|Any CPU.ActiveCfg = Debug|Any CPU
		{35DBE40B-455F-4466-A4C7-ACE9F425CFCF}.Debug|Any CPU.Build.0 = Debug|Any CPU
		{35DBE40B-455F-4466-A4C7-ACE9F425CFCF}.Release|Any CPU.ActiveCfg = Release|Any CPU
		{35DBE40B-455F-4466-A4C7-ACE9F425CFCF}.Release|Any CPU.Build.0 = Release|Any CPU
	EndGlobalSection
	GlobalSection(SolutionProperties) = preSolution
		HideSolutionNode = FALSE
	EndGlobalSection
	GlobalSection(ExtensibilityGlobals) = postSolution
		SolutionGuid = {E24543FC-1616-4DA5-BEC7-E05AB336DE89}
	EndGlobalSection
EndGlobal
