
Microsoft Visual Studio Solution File, Format Version 12.00
# Visual Studio Version 17
VisualStudioVersion = 17.8.34316.72
MinimumVisualStudioVersion = 10.0.40219.1
Project("{F184B08F-C81C-45F6-A57F-5ABD9991F28F}") = "sinleslie2", "sinleslie2\sinleslie2.vbproj", "{B48BADF4-140B-429C-9105-EFB329A9A9E2}"
EndProject
Global
	GlobalSection(SolutionConfigurationPlatforms) = preSolution
		Debug|Any CPU = Debug|Any CPU
		Release|Any CPU = Release|Any CPU
	EndGlobalSection
	GlobalSection(ProjectConfigurationPlatforms) = postSolution
		{B48BADF4-140B-429C-9105-EFB329A9A9E2}.Debug|Any CPU.ActiveCfg = Debug|Any CPU
		{B48BADF4-140B-429C-9105-EFB329A9A9E2}.Debug|Any CPU.Build.0 = Debug|Any CPU
		{B48BADF4-140B-429C-9105-EFB329A9A9E2}.Release|Any CPU.ActiveCfg = Release|Any CPU
		{B48BADF4-140B-429C-9105-EFB329A9A9E2}.Release|Any CPU.Build.0 = Release|Any CPU
	EndGlobalSection
	GlobalSection(SolutionProperties) = preSolution
		HideSolutionNode = FALSE
	EndGlobalSection
	GlobalSection(ExtensibilityGlobals) = postSolution
		SolutionGuid = {60181A2B-48ED-4DA4-9DFE-AE857A32F241}
	EndGlobalSection
EndGlobal
